# This file is generated by running "yarn install" inside your project.
# Manual changes might be lost - proceed with caution!

__metadata:
  version: 4
  cacheKey: 7

"@types/axios@npm:^0.14.0":
  version: 0.14.0
  resolution: "@types/axios@npm:0.14.0"
  dependencies:
    axios: "*"
  checksum: aaf4dd6152704956fe58023e884bd965bacbf251db40553faa920f60dffae6f1b7460af4213b16e0de48eeff3bde107fae838285c049c166ebcf0b509ada7c56
  languageName: node
  linkType: hard

"ansi-regex@npm:^4.1.0":
  version: 4.1.0
  resolution: "ansi-regex@npm:4.1.0"
  checksum: 53b6fe447cf92ee59739379de637af6f86b3b8a9537fbfe36a66f946f1d9d34afc3efe664ac31bcc7c3af042d43eabcfcfd3f790316d474bbc7b19a4b1d132dd
  languageName: node
  linkType: hard

"ansi-styles@npm:^3.2.0":
  version: 3.2.1
  resolution: "ansi-styles@npm:3.2.1"
  dependencies:
    color-convert: ^1.9.0
  checksum: 456e1c23d9277512a47718da75e7fbb0a5ee215ef893c2f76d6b3efe8fceabc861121b80b0362146f5f995d21a1633f05a19bbf6283ae66ac11dc3b9c0bed779
  languageName: node
  linkType: hard

"axios@npm:*, axios@npm:^0.21.1":
  version: 0.21.1
  resolution: "axios@npm:0.21.1"
  dependencies:
    follow-redirects: ^1.10.0
  checksum: 864fb7b5d077d236737f10adca53bf451a93f35a15271f56fba8da07265a02d26b7d881b935a6697dc6adb0549ea3e56d2eecb403edaa3bb78f6479901c10f69
  languageName: node
  linkType: hard

"blog@workspace:.":
  version: 0.0.0-use.local
  resolution: "blog@workspace:."
  dependencies:
    "@types/axios": ^0.14.0
    axios: ^0.21.1
    showdown: ^1.9.1
  languageName: unknown
  linkType: soft

"camelcase@npm:^5.0.0":
  version: 5.3.1
  resolution: "camelcase@npm:5.3.1"
  checksum: 6a3350c4ea8ab6e5109e0b443cfaf43dc40abfad7b2d79dcafbbafbe9b6b4059b4365b17ad822e24cf08e6627c1ffb65a9651d05cef9fcc6f64b6a0c2f327feb
  languageName: node
  linkType: hard

"cliui@npm:^5.0.0":
  version: 5.0.0
  resolution: "cliui@npm:5.0.0"
  dependencies:
    string-width: ^3.1.0
    strip-ansi: ^5.2.0
    wrap-ansi: ^5.1.0
  checksum: 25e61dc985279bd7ec16715df53288346e5c36ff43956f7de31bf55b2432ce1259e75148b28c3ed41265caf1baee1d204363c429ae5fee54e6f78bed5a5d82b3
  languageName: node
  linkType: hard

"color-convert@npm:^1.9.0":
  version: 1.9.3
  resolution: "color-convert@npm:1.9.3"
  dependencies:
    color-name: 1.1.3
  checksum: 5f244daa3d1fe1f216d48878c550465067d15268688308554e613b7640a068f96588096d51f0b98b68f15d6ff6bb8ad24e172582ac8c0ad43fa4d3da60fd1b79
  languageName: node
  linkType: hard

"color-name@npm:1.1.3":
  version: 1.1.3
  resolution: "color-name@npm:1.1.3"
  checksum: d8b91bb90aefc05b6ff568cf8889566dcc6269824df6f3c9b8ca842b18d7f4d089c07dc166808d33f22092d4a79167aa56a96a5ff0d21efab548bf44614db43b
  languageName: node
  linkType: hard

"decamelize@npm:^1.2.0":
  version: 1.2.0
  resolution: "decamelize@npm:1.2.0"
  checksum: 8ca9d03ea8ac07920f4504e219d18edff2491bdd0a3e05a1e5ca2e9a0bf6333564231de3528b01d5e76c40a38c37bbc1e09cb5a0424714f53dd615ed78ced464
  languageName: node
  linkType: hard

"emoji-regex@npm:^7.0.1":
  version: 7.0.3
  resolution: "emoji-regex@npm:7.0.3"
  checksum: e3a504cf5242061d9b3c78a88ce787d6beee37a5d21287c6ccdddf1fe665d5ef3eddfdda663d0baf683df8e7d354210eeb1458a7d9afdf0d7a28d48cbb9975e1
  languageName: node
  linkType: hard

"find-up@npm:^3.0.0":
  version: 3.0.0
  resolution: "find-up@npm:3.0.0"
  dependencies:
    locate-path: ^3.0.0
  checksum: c5422fc7231820421cff6f6e3a5d00a11a79fd16625f2af779c6aedfbaad66764fd149c1b84017aa44e85f86395eb25c31188ad273fc468a981b529eaa59a424
  languageName: node
  linkType: hard

"follow-redirects@npm:^1.10.0":
  version: 1.13.3
  resolution: "follow-redirects@npm:1.13.3"
  peerDependenciesMeta:
    debug:
      optional: true
  checksum: 9ad74c3b66ad5c32d8c009a2afb4e5c1b9e5dbe1f631419296c21f8e4f9976ed2c52f9a676c4acdd1d7f41a8f17a03dfaa3704993b25b5965eb11bc9dc9a8ef5
  languageName: node
  linkType: hard

"get-caller-file@npm:^2.0.1":
  version: 2.0.5
  resolution: "get-caller-file@npm:2.0.5"
  checksum: 9dd9e1e2591039ee4c38c897365b904f66f1e650a8c1cb7b7db8ce667fa63e88cc8b13282b74df9d93de481114b3304a0487880d31cd926dfda6efe71455855d
  languageName: node
  linkType: hard

"is-fullwidth-code-point@npm:^2.0.0":
  version: 2.0.0
  resolution: "is-fullwidth-code-point@npm:2.0.0"
  checksum: e1e5284f848ab6885665967cd768292a75022304d4401e78937a68f423047c29bfe87a43a9cdb67a3210fff7bcd5da51469122a0eff59b03261c379e58dbe921
  languageName: node
  linkType: hard

"locate-path@npm:^3.0.0":
  version: 3.0.0
  resolution: "locate-path@npm:3.0.0"
  dependencies:
    p-locate: ^3.0.0
    path-exists: ^3.0.0
  checksum: 0b6bf0c1bb09021499f6198ed6a4ae367e8224e2493a74cc7bc5f4e6eca9ed880a5f7fdfb4d57b7e21d3e289c3abfe152cd510cacb1d03049f9d81d9a7d302ca
  languageName: node
  linkType: hard

"p-limit@npm:^2.0.0":
  version: 2.3.0
  resolution: "p-limit@npm:2.3.0"
  dependencies:
    p-try: ^2.0.0
  checksum: 5f20492a25c5f93fca2930dbbf41fa1bee46ef70eaa6b49ad1f7b963f309e599bc40507e0a3a531eee4bcd10fec4dd4a63291d0e3b2d84ac97d7403d43d271a9
  languageName: node
  linkType: hard

"p-locate@npm:^3.0.0":
  version: 3.0.0
  resolution: "p-locate@npm:3.0.0"
  dependencies:
    p-limit: ^2.0.0
  checksum: 3ee9e3ed0b1b543f8148ef0981d33013d82a21c338b117a2d15650456f8dc888c19eb8a98484e7e159276c3ad9219c3e2a00b63228cab46bf29aeaaae096b1d6
  languageName: node
  linkType: hard

"p-try@npm:^2.0.0":
  version: 2.2.0
  resolution: "p-try@npm:2.2.0"
  checksum: 20983f3765466c1ab617ed153cb53b70ac5df828d854a3334d185e20b37f436e9096f12bc1b7fc96d8908dc927a3685172d3d89e755774f57b7103460c54dcc5
  languageName: node
  linkType: hard

"path-exists@npm:^3.0.0":
  version: 3.0.0
  resolution: "path-exists@npm:3.0.0"
  checksum: 09683e92bafb5657838217cce04e4f2f0530c274bc357c995c3231461030566e9f322b9a8bcc1ea810996e250d9a293ca36dd78dbdd6bfbee42e85a94772d6d5
  languageName: node
  linkType: hard

"require-directory@npm:^2.1.1":
  version: 2.1.1
  resolution: "require-directory@npm:2.1.1"
  checksum: f495d02d89c385af2df4b26f0216ece091e99710d358d0ede424126c476d0c639e8bd77dcd237c00a6a5658f3d862e7513164f8c280263052667d06df830eb23
  languageName: node
  linkType: hard

"require-main-filename@npm:^2.0.0":
  version: 2.0.0
  resolution: "require-main-filename@npm:2.0.0"
  checksum: 8d3633149a7fef67d14613146247137fe1dc4cc969bf2d1adcd40e3c28056de503229f41e78cba5efebad3a223cbfb4215fd220d879148df10c6d9a877099dbd
  languageName: node
  linkType: hard

"set-blocking@npm:^2.0.0":
  version: 2.0.0
  resolution: "set-blocking@npm:2.0.0"
  checksum: 0ac2403b0c2d39bf452f6d5d17dfd3cb952b9113098e1231cc0614c436e2f465637e39d27cf3b93556f5c59795e9790fd7e98da784c5f9919edeba4295ffeb29
  languageName: node
  linkType: hard

"showdown@npm:^1.9.1":
  version: 1.9.1
  resolution: "showdown@npm:1.9.1"
  dependencies:
    yargs: ^14.2
  bin:
    showdown: bin/showdown.js
  checksum: ec5d438ab10fdd3639be5164f526437543be578d3289407efbd3b31fd802038c3dfb6a705dc77061cd61b0044e9b1f3a1e4d457c6f33fdf88c35ddaec0bdeed4
  languageName: node
  linkType: hard

"string-width@npm:^3.0.0, string-width@npm:^3.1.0":
  version: 3.1.0
  resolution: "string-width@npm:3.1.0"
  dependencies:
    emoji-regex: ^7.0.1
    is-fullwidth-code-point: ^2.0.0
    strip-ansi: ^5.1.0
  checksum: 54c5d1842dc122d8e0251ad50e00e91c06368f1aca44f41a67cd5ce013c4ba8f5a26f1b7f72a3e1644f38c62092a82c86b646aff514073894faf84b9564a38a0
  languageName: node
  linkType: hard

"strip-ansi@npm:^5.0.0, strip-ansi@npm:^5.1.0, strip-ansi@npm:^5.2.0":
  version: 5.2.0
  resolution: "strip-ansi@npm:5.2.0"
  dependencies:
    ansi-regex: ^4.1.0
  checksum: 44a0d0d354f5f7b15f83323879a9112ea746daae7bef0b68238a27626ee757d9a04ce6590433841e14b325e8e7c5d62b8442885e50497e21b7cbca6da40d54ea
  languageName: node
  linkType: hard

"which-module@npm:^2.0.0":
  version: 2.0.0
  resolution: "which-module@npm:2.0.0"
  checksum: 3d2107ab18c3c2a0ffa4f1a2a0a8862d0bb3fd5c72b10df9cbd75a15b496533bf4c4dc6fa65cefba6fdb8af7935ffb939ef4c8f2eb7835b03d1b93680e9101e9
  languageName: node
  linkType: hard

"wrap-ansi@npm:^5.1.0":
  version: 5.1.0
  resolution: "wrap-ansi@npm:5.1.0"
  dependencies:
    ansi-styles: ^3.2.0
    string-width: ^3.0.0
    strip-ansi: ^5.0.0
  checksum: 9622c3aa2742645e9a6941d297436a433c65ffe1b1416578ad56e0df657716bda6857401c5c9cc485c0abbc04e852aafedf295d87e2d6ec58a01799d6bcb2fdf
  languageName: node
  linkType: hard

"y18n@npm:^4.0.0":
  version: 4.0.1
  resolution: "y18n@npm:4.0.1"
  checksum: e589620d8d668d696e74730a83731a36a8d782c50379386b142e5b8287388a6ebaf28528e84201c68c206629faed71362c79b201b398eb0c69aa1737635678dd
  languageName: node
  linkType: hard

"yargs-parser@npm:^15.0.1":
  version: 15.0.1
  resolution: "yargs-parser@npm:15.0.1"
  dependencies:
    camelcase: ^5.0.0
    decamelize: ^1.2.0
  checksum: 1969d5cf00b9ff37e4958f2fde76728b6ed0b3be36f25870348f825bc99671665488580179af344209c9e08acf12249a9812c0f426b4062cbf00509ee7815fee
  languageName: node
  linkType: hard

"yargs@npm:^14.2":
  version: 14.2.3
  resolution: "yargs@npm:14.2.3"
  dependencies:
    cliui: ^5.0.0
    decamelize: ^1.2.0
    find-up: ^3.0.0
    get-caller-file: ^2.0.1
    require-directory: ^2.1.1
    require-main-filename: ^2.0.0
    set-blocking: ^2.0.0
    string-width: ^3.0.0
    which-module: ^2.0.0
    y18n: ^4.0.0
    yargs-parser: ^15.0.1
  checksum: cfe46545a6ddb535e7704a5311986e638734b4a11ed548ca7b3af43ecf99089563d54b1353e47c2d12cc7402f5a3e7c6b95c84f968a1f66bdb209c25aea638c9
  languageName: node
  linkType: hard
